{
  "version": 4,
  "terraform_version": "0.12.5",
  "serial": 472,
  "lineage": "0bd9924d-2739-61a5-82e9-05c68707ffbc",
  "outputs": {},
  "resources": [
    {
      "module": "module.vm_app",
      "mode": "data",
      "type": "azurerm_resource_group",
      "name": "tf-rg-external",
      "provider": "provider.azurerm",
      "instances": [
        {
          "schema_version": 0,
          "attributes": {
            "id": "/subscriptions/11855b5b-484f-4104-b77b-a73eb8cd74dc/resourceGroups/nxt-grp-prd-manage-rgp-au-se",
            "location": "southeastasia",
            "name": "nxt-grp-prd-manage-rgp-au-se",
            "tags": {},
            "timeouts": null
          }
        }
      ]
    },
    {
      "module": "module.vm_app",
      "mode": "data",
      "type": "azurerm_virtual_network",
      "name": "tf-vn",
      "provider": "provider.azurerm",
      "instances": [
        {
          "schema_version": 0,
          "attributes": {
            "address_space": [
              "10.112.0.0/16"
            ],
            "address_spaces": [
              "10.112.0.0/16"
            ],
            "dns_servers": null,
            "id": "/subscriptions/11855b5b-484f-4104-b77b-a73eb8cd74dc/resourceGroups/nxt-grp-prd-manage-rgp-au-se/providers/Microsoft.Network/virtualNetworks/virtual_network_1",
            "location": "southeastasia",
            "name": "virtual_network_1",
            "resource_group_name": "nxt-grp-prd-manage-rgp-au-se",
            "subnets": [
              "subnet_1",
              "subnet_2"
            ],
            "timeouts": null,
            "vnet_peerings": {}
          },
          "depends_on": [
            "data.azurerm_resource_group.tf-rg-external"
          ]
        }
      ]
    },
    {
      "module": "module.vm_app",
      "mode": "managed",
      "type": "azurerm_network_interface",
      "name": "tf-ni",
      "each": "list",
      "provider": "provider.azurerm",
      "instances": []
    },
    {
      "module": "module.vm_sql",
      "mode": "managed",
      "type": "azurerm_network_interface",
      "name": "tf-ni",
      "each": "list",
      "provider": "provider.azurerm",
      "instances": []
    },
    {
      "module": "module.vm_app",
      "mode": "managed",
      "type": "azurerm_network_security_group",
      "name": "tf-nsg",
      "provider": "provider.azurerm",
      "instances": [
        {
          "schema_version": 0,
          "attributes": {
            "id": "/subscriptions/11855b5b-484f-4104-b77b-a73eb8cd74dc/resourceGroups/nxt-grp-prd-manage-rgp-au-se/providers/Microsoft.Network/networkSecurityGroups/test_nsg",
            "location": "southeastasia",
            "name": "test_nsg",
            "resource_group_name": "nxt-grp-prd-manage-rgp-au-se",
            "security_rule": [
              {
                "access": "Allow",
                "description": "",
                "destination_address_prefix": "VirtualNetwork",
                "destination_address_prefixes": [],
                "destination_application_security_group_ids": [],
                "destination_port_range": "3389",
                "destination_port_ranges": [],
                "direction": "Inbound",
                "name": "Open Port 3389",
                "priority": 102,
                "protocol": "Tcp",
                "source_address_prefix": "",
                "source_address_prefixes": [
                  "122.102.100.177",
                  "139.130.74.142",
                  "49.255.209.198"
                ],
                "source_application_security_group_ids": [],
                "source_port_range": "*",
                "source_port_ranges": []
              },
              {
                "access": "Allow",
                "description": "",
                "destination_address_prefix": "VirtualNetwork",
                "destination_address_prefixes": [],
                "destination_application_security_group_ids": [],
                "destination_port_range": "5986",
                "destination_port_ranges": [],
                "direction": "Inbound",
                "name": "Open Port 5986",
                "priority": 101,
                "protocol": "Tcp",
                "source_address_prefix": "",
                "source_address_prefixes": [
                  "122.102.100.177",
                  "139.130.74.142",
                  "49.255.209.198"
                ],
                "source_application_security_group_ids": [],
                "source_port_range": "*",
                "source_port_ranges": []
              }
            ],
            "tags": {}
          }
        }
      ]
    },
    {
      "module": "module.vm_app",
      "mode": "managed",
      "type": "azurerm_public_ip",
      "name": "tf-pip",
      "each": "list",
      "provider": "provider.azurerm",
      "instances": []
    },
    {
      "module": "module.vm_sql",
      "mode": "managed",
      "type": "azurerm_public_ip",
      "name": "tf-pip",
      "each": "list",
      "provider": "provider.azurerm",
      "instances": []
    },
    {
      "module": "module.vm_app",
      "mode": "managed",
      "type": "azurerm_storage_account",
      "name": "tf-sa",
      "each": "list",
      "provider": "provider.azurerm",
      "instances": []
    },
    {
      "module": "module.vm_sql",
      "mode": "managed",
      "type": "azurerm_storage_account",
      "name": "tf-sa",
      "each": "list",
      "provider": "provider.azurerm",
      "instances": []
    },
    {
      "module": "module.vm_app",
      "mode": "managed",
      "type": "azurerm_virtual_machine",
      "name": "tf-vm",
      "each": "list",
      "provider": "provider.azurerm",
      "instances": []
    },
    {
      "module": "module.vm_sql",
      "mode": "managed",
      "type": "azurerm_virtual_machine",
      "name": "tf-vm",
      "each": "list",
      "provider": "provider.azurerm",
      "instances": []
    }
  ]
}
